
Microsoft Visual Studio Solution File, Format Version 12.00
# Visual Studio Version 16
VisualStudioVersion = 25.0.1704.2
MinimumVisualStudioVersion = 10.0.40219.1
Project("{FAE04EC0-301F-11D3-BF4B-00C04F79EFBC}") = "HelloWorld", "HelloWorld\HelloWorld.csproj", "{16F42BE7-59C1-4042-B60D-8B2297036F50}"
EndProject
Global
	GlobalSection(SolutionConfigurationPlatforms) = preSolution
		Debug|Any CPU = Debug|Any CPU
		Release|Any CPU = Release|Any CPU
	EndGlobalSection
	GlobalSection(ProjectConfigurationPlatforms) = postSolution
		{16F42BE7-59C1-4042-B60D-8B2297036F50}.Debug|Any CPU.ActiveCfg = Debug|Any CPU
		{16F42BE7-59C1-4042-B60D-8B2297036F50}.Debug|Any CPU.Build.0 = Debug|Any CPU
		{16F42BE7-59C1-4042-B60D-8B2297036F50}.Release|Any CPU.ActiveCfg = Release|Any CPU
		{16F42BE7-59C1-4042-B60D-8B2297036F50}.Release|Any CPU.Build.0 = Release|Any CPU
	EndGlobalSection
	GlobalSection(SolutionProperties) = preSolution
		HideSolutionNode = FALSE
	EndGlobalSection
	GlobalSection(ExtensibilityGlobals) = postSolution
		SolutionGuid = {487478F6-E1D1-4F69-8ACF-76B853457A94}
	EndGlobalSection
EndGlobal
